// !$*UTF8*$!
{
	archiveVersion = 1;
	classes = {
	};
	objectVersion = 56;
	objects = {

/* Begin PBXBuildFile section */
		FC32EF5329091F2400F09C70 /* AppDelegate.swift in Sources */ = {isa = PBXBuildFile; fileRef = FC32EF5229091F2400F09C70 /* AppDelegate.swift */; };
		FC32EF5529091F2400F09C70 /* SceneDelegate.swift in Sources */ = {isa = PBXBuildFile; fileRef = FC32EF5429091F2400F09C70 /* SceneDelegate.swift */; };
		FC32EF5729091F2400F09C70 /* ViewController.swift in Sources */ = {isa = PBXBuildFile; fileRef = FC32EF5629091F2400F09C70 /* ViewController.swift */; };
		FC32EF5A29091F2400F09C70 /* Main.storyboard in Resources */ = {isa = PBXBuildFile; fileRef = FC32EF5829091F2400F09C70 /* Main.storyboard */; };
		FC32EF5C29091F2500F09C70 /* Assets.xcassets in Resources */ = {isa = PBXBuildFile; fileRef = FC32EF5B29091F2500F09C70 /* Assets.xcassets */; };
		FC32EF5F29091F2500F09C70 /* LaunchScreen.storyboard in Resources */ = {isa = PBXBuildFile; fileRef = FC32EF5D29091F2500F09C70 /* LaunchScreen.storyboard */; };
		FC32EF6A29091F2500F09C70 /* SampleMusicMVVMTests.swift in Sources */ = {isa = PBXBuildFile; fileRef = FC32EF6929091F2500F09C70 /* SampleMusicMVVMTests.swift */; };
		FC32EF7429091F2500F09C70 /* SampleMusicMVVMUITests.swift in Sources */ = {isa = PBXBuildFile; fileRef = FC32EF7329091F2500F09C70 /* SampleMusicMVVMUITests.swift */; };
		FC32EF7629091F2500F09C70 /* SampleMusicMVVMUITestsLaunchTests.swift in Sources */ = {isa = PBXBuildFile; fileRef = FC32EF7529091F2500F09C70 /* SampleMusicMVVMUITestsLaunchTests.swift */; };
/* End PBXBuildFile section */

/* Begin PBXContainerItemProxy section */
		FC32EF6629091F2500F09C70 /* PBXContainerItemProxy */ = {
			isa = PBXContainerItemProxy;
			containerPortal = FC32EF4729091F2400F09C70 /* Project object */;
			proxyType = 1;
			remoteGlobalIDString = FC32EF4E29091F2400F09C70;
			remoteInfo = SampleMusicMVVM;
		};
		FC32EF7029091F2500F09C70 /* PBXContainerItemProxy */ = {
			isa = PBXContainerItemProxy;
			containerPortal = FC32EF4729091F2400F09C70 /* Project object */;
			proxyType = 1;
			remoteGlobalIDString = FC32EF4E29091F2400F09C70;
			remoteInfo = SampleMusicMVVM;
		};
/* End PBXContainerItemProxy section */

/* Begin PBXFileReference section */
		FC32EF4F29091F2400F09C70 /* SampleMusicMVVM.app */ = {isa = PBXFileReference; explicitFileType = wrapper.application; includeInIndex = 0; path = SampleMusicMVVM.app; sourceTree = BUILT_PRODUCTS_DIR; };
		FC32EF5229091F2400F09C70 /* AppDelegate.swift */ = {isa = PBXFileReference; lastKnownFileType = sourcecode.swift; path = AppDelegate.swift; sourceTree = "<group>"; };
		FC32EF5429091F2400F09C70 /* SceneDelegate.swift */ = {isa = PBXFileReference; lastKnownFileType = sourcecode.swift; path = SceneDelegate.swift; sourceTree = "<group>"; };
		FC32EF5629091F2400F09C70 /* ViewController.swift */ = {isa = PBXFileReference; lastKnownFileType = sourcecode.swift; path = ViewController.swift; sourceTree = "<group>"; };
		FC32EF5929091F2400F09C70 /* Base */ = {isa = PBXFileReference; lastKnownFileType = file.storyboard; name = Base; path = Base.lproj/Main.storyboard; sourceTree = "<group>"; };
		FC32EF5B29091F2500F09C70 /* Assets.xcassets */ = {isa = PBXFileReference; lastKnownFileType = folder.assetcatalog; path = Assets.xcassets; sourceTree = "<group>"; };
		FC32EF5E29091F2500F09C70 /* Base */ = {isa = PBXFileReference; lastKnownFileType = file.storyboard; name = Base; path = Base.lproj/LaunchScreen.storyboard; sourceTree = "<group>"; };
		FC32EF6029091F2500F09C70 /* Info.plist */ = {isa = PBXFileReference; lastKnownFileType = text.plist.xml; path = Info.plist; sourceTree = "<group>"; };
		FC32EF6529091F2500F09C70 /* SampleMusicMVVMTests.xctest */ = {isa = PBXFileReference; explicitFileType = wrapper.cfbundle; includeInIndex = 0; path = SampleMusicMVVMTests.xctest; sourceTree = BUILT_PRODUCTS_DIR; };
		FC32EF6929091F2500F09C70 /* SampleMusicMVVMTests.swift */ = {isa = PBXFileReference; lastKnownFileType = sourcecode.swift; path = SampleMusicMVVMTests.swift; sourceTree = "<group>"; };
		FC32EF6F29091F2500F09C70 /* SampleMusicMVVMUITests.xctest */ = {isa = PBXFileReference; explicitFileType = wrapper.cfbundle; includeInIndex = 0; path = SampleMusicMVVMUITests.xctest; sourceTree = BUILT_PRODUCTS_DIR; };
		FC32EF7329091F2500F09C70 /* SampleMusicMVVMUITests.swift */ = {isa = PBXFileReference; lastKnownFileType = sourcecode.swift; path = SampleMusicMVVMUITests.swift; sourceTree = "<group>"; };
		FC32EF7529091F2500F09C70 /* SampleMusicMVVMUITestsLaunchTests.swift */ = {isa = PBXFileReference; lastKnownFileType = sourcecode.swift; path = SampleMusicMVVMUITestsLaunchTests.swift; sourceTree = "<group>"; };
/* End PBXFileReference section */

/* Begin PBXFrameworksBuildPhase section */
		FC32EF4C29091F2400F09C70 /* Frameworks */ = {
			isa = PBXFrameworksBuildPhase;
			buildActionMask = 2147483647;
			files = (
			);
			runOnlyForDeploymentPostprocessing = 0;
		};
		FC32EF6229091F2500F09C70 /* Frameworks */ = {
			isa = PBXFrameworksBuildPhase;
			buildActionMask = 2147483647;
			files = (
			);
			runOnlyForDeploymentPostprocessing = 0;
		};
		FC32EF6C29091F2500F09C70 /* Frameworks */ = {
			isa = PBXFrameworksBuildPhase;
			buildActionMask = 2147483647;
			files = (
			);
			runOnlyForDeploymentPostprocessing = 0;
		};
/* End PBXFrameworksBuildPhase section */

/* Begin PBXGroup section */
		FC32EF4629091F2400F09C70 = {
			isa = PBXGroup;
			children = (
				FC32EF5129091F2400F09C70 /* SampleMusicMVVM */,
				FC32EF6829091F2500F09C70 /* SampleMusicMVVMTests */,
				FC32EF7229091F2500F09C70 /* SampleMusicMVVMUITests */,
				FC32EF5029091F2400F09C70 /* Products */,
			);
			sourceTree = "<group>";
		};
		FC32EF5029091F2400F09C70 /* Products */ = {
			isa = PBXGroup;
			children = (
				FC32EF4F29091F2400F09C70 /* SampleMusicMVVM.app */,
				FC32EF6529091F2500F09C70 /* SampleMusicMVVMTests.xctest */,
				FC32EF6F29091F2500F09C70 /* SampleMusicMVVMUITests.xctest */,
			);
			name = Products;
			sourceTree = "<group>";
		};
		FC32EF5129091F2400F09C70 /* SampleMusicMVVM */ = {
			isa = PBXGroup;
			children = (
				FC32EF5229091F2400F09C70 /* AppDelegate.swift */,
				FC32EF5429091F2400F09C70 /* SceneDelegate.swift */,
				FC32EF5629091F2400F09C70 /* ViewController.swift */,
				FC32EF5829091F2400F09C70 /* Main.storyboard */,
				FC32EF5B29091F2500F09C70 /* Assets.xcassets */,
				FC32EF5D29091F2500F09C70 /* LaunchScreen.storyboard */,
				FC32EF6029091F2500F09C70 /* Info.plist */,
			);
			path = SampleMusicMVVM;
			sourceTree = "<group>";
		};
		FC32EF6829091F2500F09C70 /* SampleMusicMVVMTests */ = {
			isa = PBXGroup;
			children = (
				FC32EF6929091F2500F09C70 /* SampleMusicMVVMTests.swift */,
			);
			path = SampleMusicMVVMTests;
			sourceTree = "<group>";
		};
		FC32EF7229091F2500F09C70 /* SampleMusicMVVMUITests */ = {
			isa = PBXGroup;
			children = (
				FC32EF7329091F2500F09C70 /* SampleMusicMVVMUITests.swift */,
				FC32EF7529091F2500F09C70 /* SampleMusicMVVMUITestsLaunchTests.swift */,
			);
			path = SampleMusicMVVMUITests;
			sourceTree = "<group>";
		};
/* End PBXGroup section */

/* Begin PBXNativeTarget section */
		FC32EF4E29091F2400F09C70 /* SampleMusicMVVM */ = {
			isa = PBXNativeTarget;
			buildConfigurationList = FC32EF7929091F2500F09C70 /* Build configuration list for PBXNativeTarget "SampleMusicMVVM" */;
			buildPhases = (
				FC32EF4B29091F2400F09C70 /* Sources */,
				FC32EF4C29091F2400F09C70 /* Frameworks */,
				FC32EF4D29091F2400F09C70 /* Resources */,
			);
			buildRules = (
			);
			dependencies = (
			);
			name = SampleMusicMVVM;
			productName = SampleMusicMVVM;
			productReference = FC32EF4F29091F2400F09C70 /* SampleMusicMVVM.app */;
			productType = "com.apple.product-type.application";
		};
		FC32EF6429091F2500F09C70 /* SampleMusicMVVMTests */ = {
			isa = PBXNativeTarget;
			buildConfigurationList = FC32EF7C29091F2500F09C70 /* Build configuration list for PBXNativeTarget "SampleMusicMVVMTests" */;
			buildPhases = (
				FC32EF6129091F2500F09C70 /* Sources */,
				FC32EF6229091F2500F09C70 /* Frameworks */,
				FC32EF6329091F2500F09C70 /* Resources */,
			);
			buildRules = (
			);
			dependencies = (
				FC32EF6729091F2500F09C70 /* PBXTargetDependency */,
			);
			name = SampleMusicMVVMTests;
			productName = SampleMusicMVVMTests;
			productReference = FC32EF6529091F2500F09C70 /* SampleMusicMVVMTests.xctest */;
			productType = "com.apple.product-type.bundle.unit-test";
		};
		FC32EF6E29091F2500F09C70 /* SampleMusicMVVMUITests */ = {
			isa = PBXNativeTarget;
			buildConfigurationList = FC32EF7F29091F2500F09C70 /* Build configuration list for PBXNativeTarget "SampleMusicMVVMUITests" */;
			buildPhases = (
				FC32EF6B29091F2500F09C70 /* Sources */,
				FC32EF6C29091F2500F09C70 /* Frameworks */,
				FC32EF6D29091F2500F09C70 /* Resources */,
			);
			buildRules = (
			);
			dependencies = (
				FC32EF7129091F2500F09C70 /* PBXTargetDependency */,
			);
			name = SampleMusicMVVMUITests;
			productName = SampleMusicMVVMUITests;
			productReference = FC32EF6F29091F2500F09C70 /* SampleMusicMVVMUITests.xctest */;
			productType = "com.apple.product-type.bundle.ui-testing";
		};
/* End PBXNativeTarget section */

/* Begin PBXProject section */
		FC32EF4729091F2400F09C70 /* Project object */ = {
			isa = PBXProject;
			attributes = {
				BuildIndependentTargetsInParallel = 1;
				LastSwiftUpdateCheck = 1400;
				LastUpgradeCheck = 1400;
				TargetAttributes = {
					FC32EF4E29091F2400F09C70 = {
						CreatedOnToolsVersion = 14.0;
					};
					FC32EF6429091F2500F09C70 = {
						CreatedOnToolsVersion = 14.0;
						TestTargetID = FC32EF4E29091F2400F09C70;
					};
					FC32EF6E29091F2500F09C70 = {
						CreatedOnToolsVersion = 14.0;
						TestTargetID = FC32EF4E29091F2400F09C70;
					};
				};
			};
			buildConfigurationList = FC32EF4A29091F2400F09C70 /* Build configuration list for PBXProject "SampleMusicMVVM" */;
			compatibilityVersion = "Xcode 14.0";
			developmentRegion = en;
			hasScannedForEncodings = 0;
			knownRegions = (
				en,
				Base,
			);
			mainGroup = FC32EF4629091F2400F09C70;
			productRefGroup = FC32EF5029091F2400F09C70 /* Products */;
			projectDirPath = "";
			projectRoot = "";
			targets = (
				FC32EF4E29091F2400F09C70 /* SampleMusicMVVM */,
				FC32EF6429091F2500F09C70 /* SampleMusicMVVMTests */,
				FC32EF6E29091F2500F09C70 /* SampleMusicMVVMUITests */,
			);
		};
/* End PBXProject section */

/* Begin PBXResourcesBuildPhase section */
		FC32EF4D29091F2400F09C70 /* Resources */ = {
			isa = PBXResourcesBuildPhase;
			buildActionMask = 2147483647;
			files = (
				FC32EF5F29091F2500F09C70 /* LaunchScreen.storyboard in Resources */,
				FC32EF5C29091F2500F09C70 /* Assets.xcassets in Resources */,
				FC32EF5A29091F2400F09C70 /* Main.storyboard in Resources */,
			);
			runOnlyForDeploymentPostprocessing = 0;
		};
		FC32EF6329091F2500F09C70 /* Resources */ = {
			isa = PBXResourcesBuildPhase;
			buildActionMask = 2147483647;
			files = (
			);
			runOnlyForDeploymentPostprocessing = 0;
		};
		FC32EF6D29091F2500F09C70 /* Resources */ = {
			isa = PBXResourcesBuildPhase;
			buildActionMask = 2147483647;
			files = (
			);
			runOnlyForDeploymentPostprocessing = 0;
		};
/* End PBXResourcesBuildPhase section */

/* Begin PBXSourcesBuildPhase section */
		FC32EF4B29091F2400F09C70 /* Sources */ = {
			isa = PBXSourcesBuildPhase;
			buildActionMask = 2147483647;
			files = (
				FC32EF5729091F2400F09C70 /* ViewController.swift in Sources */,
				FC32EF5329091F2400F09C70 /* AppDelegate.swift in Sources */,
				FC32EF5529091F2400F09C70 /* SceneDelegate.swift in Sources */,
			);
			runOnlyForDeploymentPostprocessing = 0;
		};
		FC32EF6129091F2500F09C70 /* Sources */ = {
			isa = PBXSourcesBuildPhase;
			buildActionMask = 2147483647;
			files = (
				FC32EF6A29091F2500F09C70 /* SampleMusicMVVMTests.swift in Sources */,
			);
			runOnlyForDeploymentPostprocessing = 0;
		};
		FC32EF6B29091F2500F09C70 /* Sources */ = {
			isa = PBXSourcesBuildPhase;
			buildActionMask = 2147483647;
			files = (
				FC32EF7629091F2500F09C70 /* SampleMusicMVVMUITestsLaunchTests.swift in Sources */,
				FC32EF7429091F2500F09C70 /* SampleMusicMVVMUITests.swift in Sources */,
			);
			runOnlyForDeploymentPostprocessing = 0;
		};
/* End PBXSourcesBuildPhase section */

/* Begin PBXTargetDependency section */
		FC32EF6729091F2500F09C70 /* PBXTargetDependency */ = {
			isa = PBXTargetDependency;
			target = FC32EF4E29091F2400F09C70 /* SampleMusicMVVM */;
			targetProxy = FC32EF6629091F2500F09C70 /* PBXContainerItemProxy */;
		};
		FC32EF7129091F2500F09C70 /* PBXTargetDependency */ = {
			isa = PBXTargetDependency;
			target = FC32EF4E29091F2400F09C70 /* SampleMusicMVVM */;
			targetProxy = FC32EF7029091F2500F09C70 /* PBXContainerItemProxy */;
		};
/* End PBXTargetDependency section */

/* Begin PBXVariantGroup section */
		FC32EF5829091F2400F09C70 /* Main.storyboard */ = {
			isa = PBXVariantGroup;
			children = (
				FC32EF5929091F2400F09C70 /* Base */,
			);
			name = Main.storyboard;
			sourceTree = "<group>";
		};
		FC32EF5D29091F2500F09C70 /* LaunchScreen.storyboard */ = {
			isa = PBXVariantGroup;
			children = (
				FC32EF5E29091F2500F09C70 /* Base */,
			);
			name = LaunchScreen.storyboard;
			sourceTree = "<group>";
		};
/* End PBXVariantGroup section */

/* Begin XCBuildConfiguration section */
		FC32EF7729091F2500F09C70 /* Debug */ = {
			isa = XCBuildConfiguration;
			buildSettings = {
				ALWAYS_SEARCH_USER_PATHS = NO;
				CLANG_ANALYZER_NONNULL = YES;
				CLANG_ANALYZER_NUMBER_OBJECT_CONVERSION = YES_AGGRESSIVE;
				CLANG_CXX_LANGUAGE_STANDARD = "gnu++20";
				CLANG_ENABLE_MODULES = YES;
				CLANG_ENABLE_OBJC_ARC = YES;
				CLANG_ENABLE_OBJC_WEAK = YES;
				CLANG_WARN_BLOCK_CAPTURE_AUTORELEASING = YES;
				CLANG_WARN_BOOL_CONVERSION = YES;
				CLANG_WARN_COMMA = YES;
				CLANG_WARN_CONSTANT_CONVERSION = YES;
				CLANG_WARN_DEPRECATED_OBJC_IMPLEMENTATIONS = YES;
				CLANG_WARN_DIRECT_OBJC_ISA_USAGE = YES_ERROR;
				CLANG_WARN_DOCUMENTATION_COMMENTS = YES;
				CLANG_WARN_EMPTY_BODY = YES;
				CLANG_WARN_ENUM_CONVERSION = YES;
				CLANG_WARN_INFINITE_RECURSION = YES;
				CLANG_WARN_INT_CONVERSION = YES;
				CLANG_WARN_NON_LITERAL_NULL_CONVERSION = YES;
				CLANG_WARN_OBJC_IMPLICIT_RETAIN_SELF = YES;
				CLANG_WARN_OBJC_LITERAL_CONVERSION = YES;
				CLANG_WARN_OBJC_ROOT_CLASS = YES_ERROR;
				CLANG_WARN_QUOTED_INCLUDE_IN_FRAMEWORK_HEADER = YES;
				CLANG_WARN_RANGE_LOOP_ANALYSIS = YES;
				CLANG_WARN_STRICT_PROTOTYPES = YES;
				CLANG_WARN_SUSPICIOUS_MOVE = YES;
				CLANG_WARN_UNGUARDED_AVAILABILITY = YES_AGGRESSIVE;
				CLANG_WARN_UNREACHABLE_CODE = YES;
				CLANG_WARN__DUPLICATE_METHOD_MATCH = YES;
				COPY_PHASE_STRIP = NO;
				DEBUG_INFORMATION_FORMAT = dwarf;
				ENABLE_STRICT_OBJC_MSGSEND = YES;
				ENABLE_TESTABILITY = YES;
				GCC_C_LANGUAGE_STANDARD = gnu11;
				GCC_DYNAMIC_NO_PIC = NO;
				GCC_NO_COMMON_BLOCKS = YES;
				GCC_OPTIMIZATION_LEVEL = 0;
				GCC_PREPROCESSOR_DEFINITIONS = (
					"DEBUG=1",
					"$(inherited)",
				);
				GCC_WARN_64_TO_32_BIT_CONVERSION = YES;
				GCC_WARN_ABOUT_RETURN_TYPE = YES_ERROR;
				GCC_WARN_UNDECLARED_SELECTOR = YES;
				GCC_WARN_UNINITIALIZED_AUTOS = YES_AGGRESSIVE;
				GCC_WARN_UNUSED_FUNCTION = YES;
				GCC_WARN_UNUSED_VARIABLE = YES;
				IPHONEOS_DEPLOYMENT_TARGET = 16.0;
				MTL_ENABLE_DEBUG_INFO = INCLUDE_SOURCE;
				MTL_FAST_MATH = YES;
				ONLY_ACTIVE_ARCH = YES;
				SDKROOT = iphoneos;
				SWIFT_ACTIVE_COMPILATION_CONDITIONS = DEBUG;
				SWIFT_OPTIMIZATION_LEVEL = "-Onone";
			};
			name = Debug;
		};
		FC32EF7829091F2500F09C70 /* Release */ = {
			isa = XCBuildConfiguration;
			buildSettings = {
				ALWAYS_SEARCH_USER_PATHS = NO;
				CLANG_ANALYZER_NONNULL = YES;
				CLANG_ANALYZER_NUMBER_OBJECT_CONVERSION = YES_AGGRESSIVE;
				CLANG_CXX_LANGUAGE_STANDARD = "gnu++20";
				CLANG_ENABLE_MODULES = YES;
				CLANG_ENABLE_OBJC_ARC = YES;
				CLANG_ENABLE_OBJC_WEAK = YES;
				CLANG_WARN_BLOCK_CAPTURE_AUTORELEASING = YES;
				CLANG_WARN_BOOL_CONVERSION = YES;
				CLANG_WARN_COMMA = YES;
				CLANG_WARN_CONSTANT_CONVERSION = YES;
				CLANG_WARN_DEPRECATED_OBJC_IMPLEMENTATIONS = YES;
				CLANG_WARN_DIRECT_OBJC_ISA_USAGE = YES_ERROR;
				CLANG_WARN_DOCUMENTATION_COMMENTS = YES;
				CLANG_WARN_EMPTY_BODY = YES;
				CLANG_WARN_ENUM_CONVERSION = YES;
				CLANG_WARN_INFINITE_RECURSION = YES;
				CLANG_WARN_INT_CONVERSION = YES;
				CLANG_WARN_NON_LITERAL_NULL_CONVERSION = YES;
				CLANG_WARN_OBJC_IMPLICIT_RETAIN_SELF = YES;
				CLANG_WARN_OBJC_LITERAL_CONVERSION = YES;
				CLANG_WARN_OBJC_ROOT_CLASS = YES_ERROR;
				CLANG_WARN_QUOTED_INCLUDE_IN_FRAMEWORK_HEADER = YES;
				CLANG_WARN_RANGE_LOOP_ANALYSIS = YES;
				CLANG_WARN_STRICT_PROTOTYPES = YES;
				CLANG_WARN_SUSPICIOUS_MOVE = YES;
				CLANG_WARN_UNGUARDED_AVAILABILITY = YES_AGGRESSIVE;
				CLANG_WARN_UNREACHABLE_CODE = YES;
				CLANG_WARN__DUPLICATE_METHOD_MATCH = YES;
				COPY_PHASE_STRIP = NO;
				DEBUG_INFORMATION_FORMAT = "dwarf-with-dsym";
				ENABLE_NS_ASSERTIONS = NO;
				ENABLE_STRICT_OBJC_MSGSEND = YES;
				GCC_C_LANGUAGE_STANDARD = gnu11;
				GCC_NO_COMMON_BLOCKS = YES;
				GCC_WARN_64_TO_32_BIT_CONVERSION = YES;
				GCC_WARN_ABOUT_RETURN_TYPE = YES_ERROR;
				GCC_WARN_UNDECLARED_SELECTOR = YES;
				GCC_WARN_UNINITIALIZED_AUTOS = YES_AGGRESSIVE;
				GCC_WARN_UNUSED_FUNCTION = YES;
				GCC_WARN_UNUSED_VARIABLE = YES;
				IPHONEOS_DEPLOYMENT_TARGET = 16.0;
				MTL_ENABLE_DEBUG_INFO = NO;
				MTL_FAST_MATH = YES;
				SDKROOT = iphoneos;
				SWIFT_COMPILATION_MODE = wholemodule;
				SWIFT_OPTIMIZATION_LEVEL = "-O";
				VALIDATE_PRODUCT = YES;
			};
			name = Release;
		};
		FC32EF7A29091F2500F09C70 /* Debug */ = {
			isa = XCBuildConfiguration;
			buildSettings = {
				ASSETCATALOG_COMPILER_APPICON_NAME = AppIcon;
				ASSETCATALOG_COMPILER_GLOBAL_ACCENT_COLOR_NAME = AccentColor;
				CODE_SIGN_STYLE = Automatic;
				CURRENT_PROJECT_VERSION = 1;
				DEVELOPMENT_TEAM = D2LPL47T23;
				GENERATE_INFOPLIST_FILE = YES;
				INFOPLIST_FILE = SampleMusicMVVM/Info.plist;
				INFOPLIST_KEY_UIApplicationSupportsIndirectInputEvents = YES;
				INFOPLIST_KEY_UILaunchStoryboardName = LaunchScreen;
				INFOPLIST_KEY_UIMainStoryboardFile = Main;
				INFOPLIST_KEY_UISupportedInterfaceOrientations_iPad = "UIInterfaceOrientationPortrait UIInterfaceOrientationPortraitUpsideDown UIInterfaceOrientationLandscapeLeft UIInterfaceOrientationLandscapeRight";
				INFOPLIST_KEY_UISupportedInterfaceOrientations_iPhone = "UIInterfaceOrientationPortrait UIInterfaceOrientationLandscapeLeft UIInterfaceOrientationLandscapeRight";
				LD_RUNPATH_SEARCH_PATHS = (
					"$(inherited)",
					"@executable_path/Frameworks",
				);
				MARKETING_VERSION = 1.0;
				PRODUCT_BUNDLE_IDENTIFIER = com.tanaka.SampleMusicMVVM;
				PRODUCT_NAME = "$(TARGET_NAME)";
				SWIFT_EMIT_LOC_STRINGS = YES;
				SWIFT_VERSION = 5.0;
				TARGETED_DEVICE_FAMILY = "1,2";
			};
			name = Debug;
		};
		FC32EF7B29091F2500F09C70 /* Release */ = {
			isa = XCBuildConfiguration;
			buildSettings = {
				ASSETCATALOG_COMPILER_APPICON_NAME = AppIcon;
				ASSETCATALOG_COMPILER_GLOBAL_ACCENT_COLOR_NAME = AccentColor;
				CODE_SIGN_STYLE = Automatic;
				CURRENT_PROJECT_VERSION = 1;
				DEVELOPMENT_TEAM = D2LPL47T23;
				GENERATE_INFOPLIST_FILE = YES;
				INFOPLIST_FILE = SampleMusicMVVM/Info.plist;
				INFOPLIST_KEY_UIApplicationSupportsIndirectInputEvents = YES;
				INFOPLIST_KEY_UILaunchStoryboardName = LaunchScreen;
				INFOPLIST_KEY_UIMainStoryboardFile = Main;
				INFOPLIST_KEY_UISupportedInterfaceOrientations_iPad = "UIInterfaceOrientationPortrait UIInterfaceOrientationPortraitUpsideDown UIInterfaceOrientationLandscapeLeft UIInterfaceOrientationLandscapeRight";
				INFOPLIST_KEY_UISupportedInterfaceOrientations_iPhone = "UIInterfaceOrientationPortrait UIInterfaceOrientationLandscapeLeft UIInterfaceOrientationLandscapeRight";
				LD_RUNPATH_SEARCH_PATHS = (
					"$(inherited)",
					"@executable_path/Frameworks",
				);
				MARKETING_VERSION = 1.0;
				PRODUCT_BUNDLE_IDENTIFIER = com.tanaka.SampleMusicMVVM;
				PRODUCT_NAME = "$(TARGET_NAME)";
				SWIFT_EMIT_LOC_STRINGS = YES;
				SWIFT_VERSION = 5.0;
				TARGETED_DEVICE_FAMILY = "1,2";
			};
			name = Release;
		};
		FC32EF7D29091F2500F09C70 /* Debug */ = {
			isa = XCBuildConfiguration;
			buildSettings = {
				ALWAYS_EMBED_SWIFT_STANDARD_LIBRARIES = YES;
				BUNDLE_LOADER = "$(TEST_HOST)";
				CODE_SIGN_STYLE = Automatic;
				CURRENT_PROJECT_VERSION = 1;
				DEVELOPMENT_TEAM = D2LPL47T23;
				GENERATE_INFOPLIST_FILE = YES;
				IPHONEOS_DEPLOYMENT_TARGET = 16.0;
				MARKETING_VERSION = 1.0;
				PRODUCT_BUNDLE_IDENTIFIER = com.tanaka.SampleMusicMVVMTests;
				PRODUCT_NAME = "$(TARGET_NAME)";
				SWIFT_EMIT_LOC_STRINGS = NO;
				SWIFT_VERSION = 5.0;
				TARGETED_DEVICE_FAMILY = "1,2";
				TEST_HOST = "$(BUILT_PRODUCTS_DIR)/SampleMusicMVVM.app/$(BUNDLE_EXECUTABLE_FOLDER_PATH)/SampleMusicMVVM";
			};
			name = Debug;
		};
		FC32EF7E29091F2500F09C70 /* Release */ = {
			isa = XCBuildConfiguration;
			buildSettings = {
				ALWAYS_EMBED_SWIFT_STANDARD_LIBRARIES = YES;
				BUNDLE_LOADER = "$(TEST_HOST)";
				CODE_SIGN_STYLE = Automatic;
				CURRENT_PROJECT_VERSION = 1;
				DEVELOPMENT_TEAM = D2LPL47T23;
				GENERATE_INFOPLIST_FILE = YES;
				IPHONEOS_DEPLOYMENT_TARGET = 16.0;
				MARKETING_VERSION = 1.0;
				PRODUCT_BUNDLE_IDENTIFIER = com.tanaka.SampleMusicMVVMTests;
				PRODUCT_NAME = "$(TARGET_NAME)";
				SWIFT_EMIT_LOC_STRINGS = NO;
				SWIFT_VERSION = 5.0;
				TARGETED_DEVICE_FAMILY = "1,2";
				TEST_HOST = "$(BUILT_PRODUCTS_DIR)/SampleMusicMVVM.app/$(BUNDLE_EXECUTABLE_FOLDER_PATH)/SampleMusicMVVM";
			};
			name = Release;
		};
		FC32EF8029091F2500F09C70 /* Debug */ = {
			isa = XCBuildConfiguration;
			buildSettings = {
				ALWAYS_EMBED_SWIFT_STANDARD_LIBRARIES = YES;
				CODE_SIGN_STYLE = Automatic;
				CURRENT_PROJECT_VERSION = 1;
				DEVELOPMENT_TEAM = D2LPL47T23;
				GENERATE_INFOPLIST_FILE = YES;
				MARKETING_VERSION = 1.0;
				PRODUCT_BUNDLE_IDENTIFIER = com.tanaka.SampleMusicMVVMUITests;
				PRODUCT_NAME = "$(TARGET_NAME)";
				SWIFT_EMIT_LOC_STRINGS = NO;
				SWIFT_VERSION = 5.0;
				TARGETED_DEVICE_FAMILY = "1,2";
				TEST_TARGET_NAME = SampleMusicMVVM;
			};
			name = Debug;
		};
		FC32EF8129091F2500F09C70 /* Release */ = {
			isa = XCBuildConfiguration;
			buildSettings = {
				ALWAYS_EMBED_SWIFT_STANDARD_LIBRARIES = YES;
				CODE_SIGN_STYLE = Automatic;
				CURRENT_PROJECT_VERSION = 1;
				DEVELOPMENT_TEAM = D2LPL47T23;
				GENERATE_INFOPLIST_FILE = YES;
				MARKETING_VERSION = 1.0;
				PRODUCT_BUNDLE_IDENTIFIER = com.tanaka.SampleMusicMVVMUITests;
				PRODUCT_NAME = "$(TARGET_NAME)";
				SWIFT_EMIT_LOC_STRINGS = NO;
				SWIFT_VERSION = 5.0;
				TARGETED_DEVICE_FAMILY = "1,2";
				TEST_TARGET_NAME = SampleMusicMVVM;
			};
			name = Release;
		};
/* End XCBuildConfiguration section */

/* Begin XCConfigurationList section */
		FC32EF4A29091F2400F09C70 /* Build configuration list for PBXProject "SampleMusicMVVM" */ = {
			isa = XCConfigurationList;
			buildConfigurations = (
				FC32EF7729091F2500F09C70 /* Debug */,
				FC32EF7829091F2500F09C70 /* Release */,
			);
			defaultConfigurationIsVisible = 0;
			defaultConfigurationName = Release;
		};
		FC32EF7929091F2500F09C70 /* Build configuration list for PBXNativeTarget "SampleMusicMVVM" */ = {
			isa = XCConfigurationList;
			buildConfigurations = (
				FC32EF7A29091F2500F09C70 /* Debug */,
				FC32EF7B29091F2500F09C70 /* Release */,
			);
			defaultConfigurationIsVisible = 0;
			defaultConfigurationName = Release;
		};
		FC32EF7C29091F2500F09C70 /* Build configuration list for PBXNativeTarget "SampleMusicMVVMTests" */ = {
			isa = XCConfigurationList;
			buildConfigurations = (
				FC32EF7D29091F2500F09C70 /* Debug */,
				FC32EF7E29091F2500F09C70 /* Release */,
			);
			defaultConfigurationIsVisible = 0;
			defaultConfigurationName = Release;
		};
		FC32EF7F29091F2500F09C70 /* Build configuration list for PBXNativeTarget "SampleMusicMVVMUITests" */ = {
			isa = XCConfigurationList;
			buildConfigurations = (
				FC32EF8029091F2500F09C70 /* Debug */,
				FC32EF8129091F2500F09C70 /* Release */,
			);
			defaultConfigurationIsVisible = 0;
			defaultConfigurationName = Release;
		};
/* End XCConfigurationList section */
	};
	rootObject = FC32EF4729091F2400F09C70 /* Project object */;
}
